// !$*UTF8*$!
{
	archiveVersion = 1;
	classes = {
	};
	objectVersion = 46;
	objects = {

/* Begin PBXBuildFile section */
		C9784FD61C6057FE00D6D909 /* AppDelegate.swift in Sources */ = {isa = PBXBuildFile; fileRef = C9784FD51C6057FE00D6D909 /* AppDelegate.swift */; };
		C9784FD81C6057FE00D6D909 /* ViewController.swift in Sources */ = {isa = PBXBuildFile; fileRef = C9784FD71C6057FE00D6D909 /* ViewController.swift */; };
		C9784FDB1C6057FE00D6D909 /* Main.storyboard in Resources */ = {isa = PBXBuildFile; fileRef = C9784FD91C6057FE00D6D909 /* Main.storyboard */; };
		C9784FDD1C6057FE00D6D909 /* Assets.xcassets in Resources */ = {isa = PBXBuildFile; fileRef = C9784FDC1C6057FE00D6D909 /* Assets.xcassets */; };
		C9784FE01C6057FE00D6D909 /* LaunchScreen.storyboard in Resources */ = {isa = PBXBuildFile; fileRef = C9784FDE1C6057FE00D6D909 /* LaunchScreen.storyboard */; };
		C9784FE81C605C5300D6D909 /* Person.swift in Sources */ = {isa = PBXBuildFile; fileRef = C9784FE71C605C5300D6D909 /* Person.swift */; };
		C9A302661C606BDD0025086E /* Utils.swift in Sources */ = {isa = PBXBuildFile; fileRef = C9A302651C606BDD0025086E /* Utils.swift */; };
		C9A302681C606DCC0025086E /* Item.swift in Sources */ = {isa = PBXBuildFile; fileRef = C9A302671C606DCC0025086E /* Item.swift */; };
		C9A3026A1C606DF00025086E /* Split.swift in Sources */ = {isa = PBXBuildFile; fileRef = C9A302691C606DF00025086E /* Split.swift */; };
		C9A3026C1C61546D0025086E /* SelectPeopleViewController.swift in Sources */ = {isa = PBXBuildFile; fileRef = C9A3026B1C61546D0025086E /* SelectPeopleViewController.swift */; };
/* End PBXBuildFile section */

/* Begin PBXFileReference section */
		C9784FD21C6057FE00D6D909 /* Bento.app */ = {isa = PBXFileReference; explicitFileType = wrapper.application; includeInIndex = 0; path = Bento.app; sourceTree = BUILT_PRODUCTS_DIR; };
		C9784FD51C6057FE00D6D909 /* AppDelegate.swift */ = {isa = PBXFileReference; lastKnownFileType = sourcecode.swift; path = AppDelegate.swift; sourceTree = "<group>"; };
		C9784FD71C6057FE00D6D909 /* ViewController.swift */ = {isa = PBXFileReference; lastKnownFileType = sourcecode.swift; path = ViewController.swift; sourceTree = "<group>"; };
		C9784FDA1C6057FE00D6D909 /* Base */ = {isa = PBXFileReference; lastKnownFileType = file.storyboard; name = Base; path = Base.lproj/Main.storyboard; sourceTree = "<group>"; };
		C9784FDC1C6057FE00D6D909 /* Assets.xcassets */ = {isa = PBXFileReference; lastKnownFileType = folder.assetcatalog; path = Assets.xcassets; sourceTree = "<group>"; };
		C9784FDF1C6057FE00D6D909 /* Base */ = {isa = PBXFileReference; lastKnownFileType = file.storyboard; name = Base; path = Base.lproj/LaunchScreen.storyboard; sourceTree = "<group>"; };
		C9784FE11C6057FE00D6D909 /* Info.plist */ = {isa = PBXFileReference; lastKnownFileType = text.plist.xml; path = Info.plist; sourceTree = "<group>"; };
		C9784FE71C605C5300D6D909 /* Person.swift */ = {isa = PBXFileReference; fileEncoding = 4; lastKnownFileType = sourcecode.swift; path = Person.swift; sourceTree = "<group>"; };
		C9A302651C606BDD0025086E /* Utils.swift */ = {isa = PBXFileReference; fileEncoding = 4; lastKnownFileType = sourcecode.swift; path = Utils.swift; sourceTree = "<group>"; };
		C9A302671C606DCC0025086E /* Item.swift */ = {isa = PBXFileReference; fileEncoding = 4; lastKnownFileType = sourcecode.swift; path = Item.swift; sourceTree = "<group>"; };
		C9A302691C606DF00025086E /* Split.swift */ = {isa = PBXFileReference; fileEncoding = 4; lastKnownFileType = sourcecode.swift; path = Split.swift; sourceTree = "<group>"; };
		C9A3026B1C61546D0025086E /* SelectPeopleViewController.swift */ = {isa = PBXFileReference; fileEncoding = 4; lastKnownFileType = sourcecode.swift; path = SelectPeopleViewController.swift; sourceTree = "<group>"; };
/* End PBXFileReference section */

/* Begin PBXFrameworksBuildPhase section */
		C9784FCF1C6057FE00D6D909 /* Frameworks */ = {
			isa = PBXFrameworksBuildPhase;
			buildActionMask = 2147483647;
			files = (
			);
			runOnlyForDeploymentPostprocessing = 0;
		};
/* End PBXFrameworksBuildPhase section */

/* Begin PBXGroup section */
		C9784FC91C6057FE00D6D909 = {
			isa = PBXGroup;
			children = (
				C9784FD41C6057FE00D6D909 /* Bento */,
				C9784FD31C6057FE00D6D909 /* Products */,
			);
			sourceTree = "<group>";
		};
		C9784FD31C6057FE00D6D909 /* Products */ = {
			isa = PBXGroup;
			children = (
				C9784FD21C6057FE00D6D909 /* Bento.app */,
			);
			name = Products;
			sourceTree = "<group>";
		};
		C9784FD41C6057FE00D6D909 /* Bento */ = {
			isa = PBXGroup;
			children = (
				C9784FE91C605CD500D6D909 /* model */,
				C9784FD51C6057FE00D6D909 /* AppDelegate.swift */,
				C9784FD71C6057FE00D6D909 /* ViewController.swift */,
				C9A3026B1C61546D0025086E /* SelectPeopleViewController.swift */,
				C9784FD91C6057FE00D6D909 /* Main.storyboard */,
				C9784FDC1C6057FE00D6D909 /* Assets.xcassets */,
				C9784FDE1C6057FE00D6D909 /* LaunchScreen.storyboard */,
				C9784FE11C6057FE00D6D909 /* Info.plist */,
			);
			path = Bento;
			sourceTree = "<group>";
		};
		C9784FE91C605CD500D6D909 /* model */ = {
			isa = PBXGroup;
			children = (
				C9784FE71C605C5300D6D909 /* Person.swift */,
				C9A302651C606BDD0025086E /* Utils.swift */,
				C9A302671C606DCC0025086E /* Item.swift */,
				C9A302691C606DF00025086E /* Split.swift */,
			);
			name = model;
			sourceTree = "<group>";
		};
/* End PBXGroup section */

/* Begin PBXNativeTarget section */
		C9784FD11C6057FE00D6D909 /* Bento */ = {
			isa = PBXNativeTarget;
			buildConfigurationList = C9784FE41C6057FE00D6D909 /* Build configuration list for PBXNativeTarget "Bento" */;
			buildPhases = (
				C9784FCE1C6057FE00D6D909 /* Sources */,
				C9784FCF1C6057FE00D6D909 /* Frameworks */,
				C9784FD01C6057FE00D6D909 /* Resources */,
			);
			buildRules = (
			);
			dependencies = (
			);
			name = Bento;
			productName = Bento;
			productReference = C9784FD21C6057FE00D6D909 /* Bento.app */;
			productType = "com.apple.product-type.application";
		};
/* End PBXNativeTarget section */

/* Begin PBXProject section */
		C9784FCA1C6057FE00D6D909 /* Project object */ = {
			isa = PBXProject;
			attributes = {
				LastSwiftUpdateCheck = 0720;
				LastUpgradeCheck = 0720;
				ORGANIZATIONNAME = "Bento Co.";
				TargetAttributes = {
					C9784FD11C6057FE00D6D909 = {
						CreatedOnToolsVersion = 7.2;
					};
				};
			};
			buildConfigurationList = C9784FCD1C6057FE00D6D909 /* Build configuration list for PBXProject "Bento" */;
			compatibilityVersion = "Xcode 3.2";
			developmentRegion = English;
			hasScannedForEncodings = 0;
			knownRegions = (
				en,
				Base,
			);
			mainGroup = C9784FC91C6057FE00D6D909;
			productRefGroup = C9784FD31C6057FE00D6D909 /* Products */;
			projectDirPath = "";
			projectRoot = "";
			targets = (
				C9784FD11C6057FE00D6D909 /* Bento */,
			);
		};
/* End PBXProject section */

/* Begin PBXResourcesBuildPhase section */
		C9784FD01C6057FE00D6D909 /* Resources */ = {
			isa = PBXResourcesBuildPhase;
			buildActionMask = 2147483647;
			files = (
				C9784FE01C6057FE00D6D909 /* LaunchScreen.storyboard in Resources */,
				C9784FDD1C6057FE00D6D909 /* Assets.xcassets in Resources */,
				C9784FDB1C6057FE00D6D909 /* Main.storyboard in Resources */,
			);
			runOnlyForDeploymentPostprocessing = 0;
		};
/* End PBXResourcesBuildPhase section */

/* Begin PBXSourcesBuildPhase section */
		C9784FCE1C6057FE00D6D909 /* Sources */ = {
			isa = PBXSourcesBuildPhase;
			buildActionMask = 2147483647;
			files = (
				C9A302681C606DCC0025086E /* Item.swift in Sources */,
				C9784FE81C605C5300D6D909 /* Person.swift in Sources */,
				C9784FD81C6057FE00D6D909 /* ViewController.swift in Sources */,
				C9A3026C1C61546D0025086E /* SelectPeopleViewController.swift in Sources */,
				C9784FD61C6057FE00D6D909 /* AppDelegate.swift in Sources */,
				C9A3026A1C606DF00025086E /* Split.swift in Sources */,
				C9A302661C606BDD0025086E /* Utils.swift in Sources */,
			);
			runOnlyForDeploymentPostprocessing = 0;
		};
/* End PBXSourcesBuildPhase section */

/* Begin PBXVariantGroup section */
		C9784FD91C6057FE00D6D909 /* Main.storyboard */ = {
			isa = PBXVariantGroup;
			children = (
				C9784FDA1C6057FE00D6D909 /* Base */,
			);
			name = Main.storyboard;
			sourceTree = "<group>";
		};
		C9784FDE1C6057FE00D6D909 /* LaunchScreen.storyboard */ = {
			isa = PBXVariantGroup;
			children = (
				C9784FDF1C6057FE00D6D909 /* Base */,
			);
			name = LaunchScreen.storyboard;
			sourceTree = "<group>";
		};
/* End PBXVariantGroup section */

/* Begin XCBuildConfiguration section */
		C9784FE21C6057FE00D6D909 /* Debug */ = {
			isa = XCBuildConfiguration;
			buildSettings = {
				ALWAYS_SEARCH_USER_PATHS = NO;
				CLANG_CXX_LANGUAGE_STANDARD = "gnu++0x";
				CLANG_CXX_LIBRARY = "libc++";
				CLANG_ENABLE_MODULES = YES;
				CLANG_ENABLE_OBJC_ARC = YES;
				CLANG_WARN_BOOL_CONVERSION = YES;
				CLANG_WARN_CONSTANT_CONVERSION = YES;
				CLANG_WARN_DIRECT_OBJC_ISA_USAGE = YES_ERROR;
				CLANG_WARN_EMPTY_BODY = YES;
				CLANG_WARN_ENUM_CONVERSION = YES;
				CLANG_WARN_INT_CONVERSION = YES;
				CLANG_WARN_OBJC_ROOT_CLASS = YES_ERROR;
				CLANG_WARN_UNREACHABLE_CODE = YES;
				CLANG_WARN__DUPLICATE_METHOD_MATCH = YES;
				"CODE_SIGN_IDENTITY[sdk=iphoneos*]" = "iPhone Developer";
				COPY_PHASE_STRIP = NO;
				DEBUG_INFORMATION_FORMAT = dwarf;
				ENABLE_STRICT_OBJC_MSGSEND = YES;
				ENABLE_TESTABILITY = YES;
				GCC_C_LANGUAGE_STANDARD = gnu99;
				GCC_DYNAMIC_NO_PIC = NO;
				GCC_NO_COMMON_BLOCKS = YES;
				GCC_OPTIMIZATION_LEVEL = 0;
				GCC_PREPROCESSOR_DEFINITIONS = (
					"DEBUG=1",
					"$(inherited)",
				);
				GCC_WARN_64_TO_32_BIT_CONVERSION = YES;
				GCC_WARN_ABOUT_RETURN_TYPE = YES_ERROR;
				GCC_WARN_UNDECLARED_SELECTOR = YES;
				GCC_WARN_UNINITIALIZED_AUTOS = YES_AGGRESSIVE;
				GCC_WARN_UNUSED_FUNCTION = YES;
				GCC_WARN_UNUSED_VARIABLE = YES;
				IPHONEOS_DEPLOYMENT_TARGET = 9.2;
				MTL_ENABLE_DEBUG_INFO = YES;
				ONLY_ACTIVE_ARCH = YES;
				SDKROOT = iphoneos;
				SWIFT_OPTIMIZATION_LEVEL = "-Onone";
			};
			name = Debug;
		};
		C9784FE31C6057FE00D6D909 /* Release */ = {
			isa = XCBuildConfiguration;
			buildSettings = {
				ALWAYS_SEARCH_USER_PATHS = NO;
				CLANG_CXX_LANGUAGE_STANDARD = "gnu++0x";
				CLANG_CXX_LIBRARY = "libc++";
				CLANG_ENABLE_MODULES = YES;
				CLANG_ENABLE_OBJC_ARC = YES;
				CLANG_WARN_BOOL_CONVERSION = YES;
				CLANG_WARN_CONSTANT_CONVERSION = YES;
				CLANG_WARN_DIRECT_OBJC_ISA_USAGE = YES_ERROR;
				CLANG_WARN_EMPTY_BODY = YES;
				CLANG_WARN_ENUM_CONVERSION = YES;
				CLANG_WARN_INT_CONVERSION = YES;
				CLANG_WARN_OBJC_ROOT_CLASS = YES_ERROR;
				CLANG_WARN_UNREACHABLE_CODE = YES;
				CLANG_WARN__DUPLICATE_METHOD_MATCH = YES;
				"CODE_SIGN_IDENTITY[sdk=iphoneos*]" = "iPhone Developer";
				COPY_PHASE_STRIP = NO;
				DEBUG_INFORMATION_FORMAT = "dwarf-with-dsym";
				ENABLE_NS_ASSERTIONS = NO;
				ENABLE_STRICT_OBJC_MSGSEND = YES;
				GCC_C_LANGUAGE_STANDARD = gnu99;
				GCC_NO_COMMON_BLOCKS = YES;
				GCC_WARN_64_TO_32_BIT_CONVERSION = YES;
				GCC_WARN_ABOUT_RETURN_TYPE = YES_ERROR;
				GCC_WARN_UNDECLARED_SELECTOR = YES;
				GCC_WARN_UNINITIALIZED_AUTOS = YES_AGGRESSIVE;
				GCC_WARN_UNUSED_FUNCTION = YES;
				GCC_WARN_UNUSED_VARIABLE = YES;
				IPHONEOS_DEPLOYMENT_TARGET = 9.2;
				MTL_ENABLE_DEBUG_INFO = NO;
				SDKROOT = iphoneos;
				VALIDATE_PRODUCT = YES;
			};
			name = Release;
		};
		C9784FE51C6057FE00D6D909 /* Debug */ = {
			isa = XCBuildConfiguration;
			buildSettings = {
				ASSETCATALOG_COMPILER_APPICON_NAME = AppIcon;
				INFOPLIST_FILE = Bento/Info.plist;
				LD_RUNPATH_SEARCH_PATHS = "$(inherited) @executable_path/Frameworks";
				PRODUCT_BUNDLE_IDENTIFIER = jose.Bento;
				PRODUCT_NAME = "$(TARGET_NAME)";
			};
			name = Debug;
		};
		C9784FE61C6057FE00D6D909 /* Release */ = {
			isa = XCBuildConfiguration;
			buildSettings = {
				ASSETCATALOG_COMPILER_APPICON_NAME = AppIcon;
				INFOPLIST_FILE = Bento/Info.plist;
				LD_RUNPATH_SEARCH_PATHS = "$(inherited) @executable_path/Frameworks";
				PRODUCT_BUNDLE_IDENTIFIER = jose.Bento;
				PRODUCT_NAME = "$(TARGET_NAME)";
			};
			name = Release;
		};
/* End XCBuildConfiguration section */

/* Begin XCConfigurationList section */
		C9784FCD1C6057FE00D6D909 /* Build configuration list for PBXProject "Bento" */ = {
			isa = XCConfigurationList;
			buildConfigurations = (
				C9784FE21C6057FE00D6D909 /* Debug */,
				C9784FE31C6057FE00D6D909 /* Release */,
			);
			defaultConfigurationIsVisible = 0;
			defaultConfigurationName = Release;
		};
		C9784FE41C6057FE00D6D909 /* Build configuration list for PBXNativeTarget "Bento" */ = {
			isa = XCConfigurationList;
			buildConfigurations = (
				C9784FE51C6057FE00D6D909 /* Debug */,
				C9784FE61C6057FE00D6D909 /* Release */,
			);
			defaultConfigurationIsVisible = 0;
			defaultConfigurationName = Release;
		};
/* End XCConfigurationList section */
	};
	rootObject = C9784FCA1C6057FE00D6D909 /* Project object */;
}
